
Microsoft Visual Studio Solution File, Format Version 12.00
# Visual Studio Version 17
VisualStudioVersion = 17.6.33712.159
MinimumVisualStudioVersion = 10.0.40219.1
Project("{FAE04EC0-301F-11D3-BF4B-00C04F79EFBC}") = "ProduttoreConsumatore", "ProduttoreConsumatore\ProduttoreConsumatore.csproj", "{1CB4686D-5D0D-407F-AE13-A090EA1A9836}"
EndProject
Global
	GlobalSection(SolutionConfigurationPlatforms) = preSolution
		Debug|Any CPU = Debug|Any CPU
		Release|Any CPU = Release|Any CPU
	EndGlobalSection
	GlobalSection(ProjectConfigurationPlatforms) = postSolution
		{1CB4686D-5D0D-407F-AE13-A090EA1A9836}.Debug|Any CPU.ActiveCfg = Debug|Any CPU
		{1CB4686D-5D0D-407F-AE13-A090EA1A9836}.Debug|Any CPU.Build.0 = Debug|Any CPU
		{1CB4686D-5D0D-407F-AE13-A090EA1A9836}.Release|Any CPU.ActiveCfg = Release|Any CPU
		{1CB4686D-5D0D-407F-AE13-A090EA1A9836}.Release|Any CPU.Build.0 = Release|Any CPU
	EndGlobalSection
	GlobalSection(SolutionProperties) = preSolution
		HideSolutionNode = FALSE
	EndGlobalSection
	GlobalSection(ExtensibilityGlobals) = postSolution
		SolutionGuid = {54E435B6-6889-44D6-A57D-9A05FE740ED2}
	EndGlobalSection
EndGlobal
